// !$*UTF8*$!
{
	archiveVersion = 1;
	classes = {
	};
	objectVersion = 51;
	objects = {

/* Begin PBXBuildFile section */
		54F17351AE6D5F0D9058746E /* Pods_hbo_app_hbo_appUITests.framework in Frameworks */ = {isa = PBXBuildFile; fileRef = F835F7C94EC07B644DD31CDC /* Pods_hbo_app_hbo_appUITests.framework */; };
		7039FB9323DC9843006A9D1E /* HomeViewController.swift in Sources */ = {isa = PBXBuildFile; fileRef = 7039FB9223DC9843006A9D1E /* HomeViewController.swift */; };
		7052EB9423D168D00056B0FA /* HBOTextField.swift in Sources */ = {isa = PBXBuildFile; fileRef = 7052EB9323D168D00056B0FA /* HBOTextField.swift */; };
		70584EF523CCEF3C00FA48EA /* SignInViewController.swift in Sources */ = {isa = PBXBuildFile; fileRef = 70584EF423CCEF3C00FA48EA /* SignInViewController.swift */; };
		70590C1223CB81CB0072208C /* AppDelegate.swift in Sources */ = {isa = PBXBuildFile; fileRef = 70590C1123CB81CB0072208C /* AppDelegate.swift */; };
		70590C1423CB81CB0072208C /* RegisterViewController.swift in Sources */ = {isa = PBXBuildFile; fileRef = 70590C1323CB81CB0072208C /* RegisterViewController.swift */; };
		70590C1723CB81CB0072208C /* Main.storyboard in Resources */ = {isa = PBXBuildFile; fileRef = 70590C1523CB81CB0072208C /* Main.storyboard */; };
		70590C1923CB81CF0072208C /* Assets.xcassets in Resources */ = {isa = PBXBuildFile; fileRef = 70590C1823CB81CF0072208C /* Assets.xcassets */; };
		70590C1C23CB81CF0072208C /* LaunchScreen.storyboard in Resources */ = {isa = PBXBuildFile; fileRef = 70590C1A23CB81CF0072208C /* LaunchScreen.storyboard */; };
		70590C2723CB81CF0072208C /* hbo_appTests.swift in Sources */ = {isa = PBXBuildFile; fileRef = 70590C2623CB81CF0072208C /* hbo_appTests.swift */; };
		70590C3223CB81CF0072208C /* hbo_appUITests.swift in Sources */ = {isa = PBXBuildFile; fileRef = 70590C3123CB81CF0072208C /* hbo_appUITests.swift */; };
		70590C4123CB8D930072208C /* HBOButton.swift in Sources */ = {isa = PBXBuildFile; fileRef = 70590C4023CB8D930072208C /* HBOButton.swift */; };
		707897BD23D54115009BF57A /* FieldValidator.swift in Sources */ = {isa = PBXBuildFile; fileRef = 707897B723D54115009BF57A /* FieldValidator.swift */; };
		707897BE23D54115009BF57A /* FieldType.swift in Sources */ = {isa = PBXBuildFile; fileRef = 707897B823D54115009BF57A /* FieldType.swift */; };
		707897BF23D54115009BF57A /* MainViewController.swift in Sources */ = {isa = PBXBuildFile; fileRef = 707897B923D54115009BF57A /* MainViewController.swift */; };
		707897C123D54115009BF57A /* AlertViewController.swift in Sources */ = {isa = PBXBuildFile; fileRef = 707897BB23D54115009BF57A /* AlertViewController.swift */; };
		707897C323D541E6009BF57A /* HBOCheckBox.swift in Sources */ = {isa = PBXBuildFile; fileRef = 707897C223D541E6009BF57A /* HBOCheckBox.swift */; };
		70E2217D23D1076B00889039 /* GoogleService-Info.plist in Resources */ = {isa = PBXBuildFile; fileRef = 70E2217C23D1076B00889039 /* GoogleService-Info.plist */; };
		70FB2B3623DD559300A594DE /* ForgotPasswordViewController.swift in Sources */ = {isa = PBXBuildFile; fileRef = 70FB2B3523DD559300A594DE /* ForgotPasswordViewController.swift */; };
		C076C5E45575A6A5CAB9FC99 /* Pods_hbo_app.framework in Frameworks */ = {isa = PBXBuildFile; fileRef = A9907E1F215DD582B5561194 /* Pods_hbo_app.framework */; };
		D433F7124B9C0128327C502F /* Pods_hbo_appTests.framework in Frameworks */ = {isa = PBXBuildFile; fileRef = C5459F1037BD67E34B67EADA /* Pods_hbo_appTests.framework */; };
/* End PBXBuildFile section */

/* Begin PBXContainerItemProxy section */
		70590C2323CB81CF0072208C /* PBXContainerItemProxy */ = {
			isa = PBXContainerItemProxy;
			containerPortal = 70590C0623CB81CB0072208C /* Project object */;
			proxyType = 1;
			remoteGlobalIDString = 70590C0D23CB81CB0072208C;
			remoteInfo = "hbo-app";
		};
		70590C2E23CB81CF0072208C /* PBXContainerItemProxy */ = {
			isa = PBXContainerItemProxy;
			containerPortal = 70590C0623CB81CB0072208C /* Project object */;
			proxyType = 1;
			remoteGlobalIDString = 70590C0D23CB81CB0072208C;
			remoteInfo = "hbo-app";
		};
/* End PBXContainerItemProxy section */

/* Begin PBXFileReference section */
		063909C42D97DC4D59CE92F9 /* Pods-hbo-app-hbo-appUITests.release.xcconfig */ = {isa = PBXFileReference; includeInIndex = 1; lastKnownFileType = text.xcconfig; name = "Pods-hbo-app-hbo-appUITests.release.xcconfig"; path = "Target Support Files/Pods-hbo-app-hbo-appUITests/Pods-hbo-app-hbo-appUITests.release.xcconfig"; sourceTree = "<group>"; };
		1C41328876A9AB3EAF5A8EA6 /* Pods-hbo-app-hbo-appUITests.debug.xcconfig */ = {isa = PBXFileReference; includeInIndex = 1; lastKnownFileType = text.xcconfig; name = "Pods-hbo-app-hbo-appUITests.debug.xcconfig"; path = "Target Support Files/Pods-hbo-app-hbo-appUITests/Pods-hbo-app-hbo-appUITests.debug.xcconfig"; sourceTree = "<group>"; };
		35991848F2AC3627093F0C51 /* Pods-hbo-app.release.xcconfig */ = {isa = PBXFileReference; includeInIndex = 1; lastKnownFileType = text.xcconfig; name = "Pods-hbo-app.release.xcconfig"; path = "Target Support Files/Pods-hbo-app/Pods-hbo-app.release.xcconfig"; sourceTree = "<group>"; };
		4F66BEB919FE9670130FEA4D /* Pods-hbo-appTests.release.xcconfig */ = {isa = PBXFileReference; includeInIndex = 1; lastKnownFileType = text.xcconfig; name = "Pods-hbo-appTests.release.xcconfig"; path = "Target Support Files/Pods-hbo-appTests/Pods-hbo-appTests.release.xcconfig"; sourceTree = "<group>"; };
		57692A9D853E86970FAF63A6 /* Pods-hbo-app.debug.xcconfig */ = {isa = PBXFileReference; includeInIndex = 1; lastKnownFileType = text.xcconfig; name = "Pods-hbo-app.debug.xcconfig"; path = "Target Support Files/Pods-hbo-app/Pods-hbo-app.debug.xcconfig"; sourceTree = "<group>"; };
		7039FB9223DC9843006A9D1E /* HomeViewController.swift */ = {isa = PBXFileReference; lastKnownFileType = sourcecode.swift; path = HomeViewController.swift; sourceTree = "<group>"; };
		7052EB9323D168D00056B0FA /* HBOTextField.swift */ = {isa = PBXFileReference; lastKnownFileType = sourcecode.swift; path = HBOTextField.swift; sourceTree = "<group>"; };
		70584EF423CCEF3C00FA48EA /* SignInViewController.swift */ = {isa = PBXFileReference; lastKnownFileType = sourcecode.swift; path = SignInViewController.swift; sourceTree = "<group>"; };
		70590C0E23CB81CB0072208C /* hbo-app.app */ = {isa = PBXFileReference; explicitFileType = wrapper.application; includeInIndex = 0; path = "hbo-app.app"; sourceTree = BUILT_PRODUCTS_DIR; };
		70590C1123CB81CB0072208C /* AppDelegate.swift */ = {isa = PBXFileReference; lastKnownFileType = sourcecode.swift; path = AppDelegate.swift; sourceTree = "<group>"; };
		70590C1323CB81CB0072208C /* RegisterViewController.swift */ = {isa = PBXFileReference; lastKnownFileType = sourcecode.swift; path = RegisterViewController.swift; sourceTree = "<group>"; };
		70590C1623CB81CB0072208C /* Base */ = {isa = PBXFileReference; lastKnownFileType = file.storyboard; name = Base; path = Base.lproj/Main.storyboard; sourceTree = "<group>"; };
		70590C1823CB81CF0072208C /* Assets.xcassets */ = {isa = PBXFileReference; lastKnownFileType = folder.assetcatalog; path = Assets.xcassets; sourceTree = "<group>"; };
		70590C1B23CB81CF0072208C /* Base */ = {isa = PBXFileReference; lastKnownFileType = file.storyboard; name = Base; path = Base.lproj/LaunchScreen.storyboard; sourceTree = "<group>"; };
		70590C1D23CB81CF0072208C /* Info.plist */ = {isa = PBXFileReference; lastKnownFileType = text.plist.xml; path = Info.plist; sourceTree = "<group>"; };
		70590C2223CB81CF0072208C /* hbo-appTests.xctest */ = {isa = PBXFileReference; explicitFileType = wrapper.cfbundle; includeInIndex = 0; path = "hbo-appTests.xctest"; sourceTree = BUILT_PRODUCTS_DIR; };
		70590C2623CB81CF0072208C /* hbo_appTests.swift */ = {isa = PBXFileReference; lastKnownFileType = sourcecode.swift; path = hbo_appTests.swift; sourceTree = "<group>"; };
		70590C2823CB81CF0072208C /* Info.plist */ = {isa = PBXFileReference; lastKnownFileType = text.plist.xml; path = Info.plist; sourceTree = "<group>"; };
		70590C2D23CB81CF0072208C /* hbo-appUITests.xctest */ = {isa = PBXFileReference; explicitFileType = wrapper.cfbundle; includeInIndex = 0; path = "hbo-appUITests.xctest"; sourceTree = BUILT_PRODUCTS_DIR; };
		70590C3123CB81CF0072208C /* hbo_appUITests.swift */ = {isa = PBXFileReference; lastKnownFileType = sourcecode.swift; path = hbo_appUITests.swift; sourceTree = "<group>"; };
		70590C3323CB81CF0072208C /* Info.plist */ = {isa = PBXFileReference; lastKnownFileType = text.plist.xml; path = Info.plist; sourceTree = "<group>"; };
		70590C4023CB8D930072208C /* HBOButton.swift */ = {isa = PBXFileReference; lastKnownFileType = sourcecode.swift; path = HBOButton.swift; sourceTree = "<group>"; };
		707897B723D54115009BF57A /* FieldValidator.swift */ = {isa = PBXFileReference; fileEncoding = 4; lastKnownFileType = sourcecode.swift; path = FieldValidator.swift; sourceTree = "<group>"; };
		707897B823D54115009BF57A /* FieldType.swift */ = {isa = PBXFileReference; fileEncoding = 4; lastKnownFileType = sourcecode.swift; path = FieldType.swift; sourceTree = "<group>"; };
		707897B923D54115009BF57A /* MainViewController.swift */ = {isa = PBXFileReference; fileEncoding = 4; lastKnownFileType = sourcecode.swift; path = MainViewController.swift; sourceTree = "<group>"; };
		707897BB23D54115009BF57A /* AlertViewController.swift */ = {isa = PBXFileReference; fileEncoding = 4; lastKnownFileType = sourcecode.swift; path = AlertViewController.swift; sourceTree = "<group>"; };
		707897C223D541E6009BF57A /* HBOCheckBox.swift */ = {isa = PBXFileReference; fileEncoding = 4; lastKnownFileType = sourcecode.swift; path = HBOCheckBox.swift; sourceTree = "<group>"; };
		70E2217C23D1076B00889039 /* GoogleService-Info.plist */ = {isa = PBXFileReference; fileEncoding = 4; lastKnownFileType = text.plist.xml; path = "GoogleService-Info.plist"; sourceTree = "<group>"; };
		70FB2B3523DD559300A594DE /* ForgotPasswordViewController.swift */ = {isa = PBXFileReference; lastKnownFileType = sourcecode.swift; path = ForgotPasswordViewController.swift; sourceTree = "<group>"; };
		A9907E1F215DD582B5561194 /* Pods_hbo_app.framework */ = {isa = PBXFileReference; explicitFileType = wrapper.framework; includeInIndex = 0; path = Pods_hbo_app.framework; sourceTree = BUILT_PRODUCTS_DIR; };
		B0149BC92257704813124F4C /* Pods-hbo-appTests.debug.xcconfig */ = {isa = PBXFileReference; includeInIndex = 1; lastKnownFileType = text.xcconfig; name = "Pods-hbo-appTests.debug.xcconfig"; path = "Target Support Files/Pods-hbo-appTests/Pods-hbo-appTests.debug.xcconfig"; sourceTree = "<group>"; };
		C5459F1037BD67E34B67EADA /* Pods_hbo_appTests.framework */ = {isa = PBXFileReference; explicitFileType = wrapper.framework; includeInIndex = 0; path = Pods_hbo_appTests.framework; sourceTree = BUILT_PRODUCTS_DIR; };
		F835F7C94EC07B644DD31CDC /* Pods_hbo_app_hbo_appUITests.framework */ = {isa = PBXFileReference; explicitFileType = wrapper.framework; includeInIndex = 0; path = Pods_hbo_app_hbo_appUITests.framework; sourceTree = BUILT_PRODUCTS_DIR; };
/* End PBXFileReference section */

/* Begin PBXFrameworksBuildPhase section */
		70590C0B23CB81CB0072208C /* Frameworks */ = {
			isa = PBXFrameworksBuildPhase;
			buildActionMask = 2147483647;
			files = (
				C076C5E45575A6A5CAB9FC99 /* Pods_hbo_app.framework in Frameworks */,
			);
			runOnlyForDeploymentPostprocessing = 0;
		};
		70590C1F23CB81CF0072208C /* Frameworks */ = {
			isa = PBXFrameworksBuildPhase;
			buildActionMask = 2147483647;
			files = (
				D433F7124B9C0128327C502F /* Pods_hbo_appTests.framework in Frameworks */,
			);
			runOnlyForDeploymentPostprocessing = 0;
		};
		70590C2A23CB81CF0072208C /* Frameworks */ = {
			isa = PBXFrameworksBuildPhase;
			buildActionMask = 2147483647;
			files = (
				54F17351AE6D5F0D9058746E /* Pods_hbo_app_hbo_appUITests.framework in Frameworks */,
			);
			runOnlyForDeploymentPostprocessing = 0;
		};
/* End PBXFrameworksBuildPhase section */

/* Begin PBXGroup section */
		0FF7F4DE6251555BFF1DF7F8 /* Pods */ = {
			isa = PBXGroup;
			children = (
				57692A9D853E86970FAF63A6 /* Pods-hbo-app.debug.xcconfig */,
				35991848F2AC3627093F0C51 /* Pods-hbo-app.release.xcconfig */,
				1C41328876A9AB3EAF5A8EA6 /* Pods-hbo-app-hbo-appUITests.debug.xcconfig */,
				063909C42D97DC4D59CE92F9 /* Pods-hbo-app-hbo-appUITests.release.xcconfig */,
				B0149BC92257704813124F4C /* Pods-hbo-appTests.debug.xcconfig */,
				4F66BEB919FE9670130FEA4D /* Pods-hbo-appTests.release.xcconfig */,
			);
			path = Pods;
			sourceTree = "<group>";
		};
		701C9AD323D08FA9004C18D1 /* controller */ = {
			isa = PBXGroup;
			children = (
				70590C1123CB81CB0072208C /* AppDelegate.swift */,
				707897B923D54115009BF57A /* MainViewController.swift */,
				70590C1323CB81CB0072208C /* RegisterViewController.swift */,
				70584EF423CCEF3C00FA48EA /* SignInViewController.swift */,
				7039FB9223DC9843006A9D1E /* HomeViewController.swift */,
				70FB2B3523DD559300A594DE /* ForgotPasswordViewController.swift */,
				707897BB23D54115009BF57A /* AlertViewController.swift */,
				707897B823D54115009BF57A /* FieldType.swift */,
				707897B723D54115009BF57A /* FieldValidator.swift */,
			);
			path = controller;
			sourceTree = "<group>";
		};
		701C9AD423D09161004C18D1 /* view */ = {
			isa = PBXGroup;
			children = (
				7052EB9523D192130056B0FA /* custom-view */,
				70590C1A23CB81CF0072208C /* LaunchScreen.storyboard */,
				70590C1523CB81CB0072208C /* Main.storyboard */,
			);
			path = view;
			sourceTree = "<group>";
		};
		7052EB9523D192130056B0FA /* custom-view */ = {
			isa = PBXGroup;
			children = (
				707897C223D541E6009BF57A /* HBOCheckBox.swift */,
				70590C4023CB8D930072208C /* HBOButton.swift */,
				7052EB9323D168D00056B0FA /* HBOTextField.swift */,
			);
			path = "custom-view";
			sourceTree = "<group>";
		};
		70590C0523CB81CB0072208C = {
			isa = PBXGroup;
			children = (
				70590C1023CB81CB0072208C /* hbo-app */,
				70590C2523CB81CF0072208C /* hbo-appTests */,
				70590C3023CB81CF0072208C /* hbo-appUITests */,
				70590C0F23CB81CB0072208C /* Products */,
				0FF7F4DE6251555BFF1DF7F8 /* Pods */,
				CA4857469C5649EF66C84FB4 /* Frameworks */,
			);
			sourceTree = "<group>";
		};
		70590C0F23CB81CB0072208C /* Products */ = {
			isa = PBXGroup;
			children = (
				70590C0E23CB81CB0072208C /* hbo-app.app */,
				70590C2223CB81CF0072208C /* hbo-appTests.xctest */,
				70590C2D23CB81CF0072208C /* hbo-appUITests.xctest */,
			);
			name = Products;
			sourceTree = "<group>";
		};
		70590C1023CB81CB0072208C /* hbo-app */ = {
			isa = PBXGroup;
			children = (
				70E2217B23D1059E00889039 /* supporting-flies */,
				701C9AD423D09161004C18D1 /* view */,
				701C9AD323D08FA9004C18D1 /* controller */,
				70590C1823CB81CF0072208C /* Assets.xcassets */,
			);
			path = "hbo-app";
			sourceTree = "<group>";
		};
		70590C2523CB81CF0072208C /* hbo-appTests */ = {
			isa = PBXGroup;
			children = (
				70590C2623CB81CF0072208C /* hbo_appTests.swift */,
				70590C2823CB81CF0072208C /* Info.plist */,
			);
			path = "hbo-appTests";
			sourceTree = "<group>";
		};
		70590C3023CB81CF0072208C /* hbo-appUITests */ = {
			isa = PBXGroup;
			children = (
				70590C3123CB81CF0072208C /* hbo_appUITests.swift */,
				70590C3323CB81CF0072208C /* Info.plist */,
			);
			path = "hbo-appUITests";
			sourceTree = "<group>";
		};
		70E2217B23D1059E00889039 /* supporting-flies */ = {
			isa = PBXGroup;
			children = (
				70E2217C23D1076B00889039 /* GoogleService-Info.plist */,
				70590C1D23CB81CF0072208C /* Info.plist */,
			);
			path = "supporting-flies";
			sourceTree = "<group>";
		};
		CA4857469C5649EF66C84FB4 /* Frameworks */ = {
			isa = PBXGroup;
			children = (
				A9907E1F215DD582B5561194 /* Pods_hbo_app.framework */,
				F835F7C94EC07B644DD31CDC /* Pods_hbo_app_hbo_appUITests.framework */,
				C5459F1037BD67E34B67EADA /* Pods_hbo_appTests.framework */,
			);
			name = Frameworks;
			sourceTree = "<group>";
		};
/* End PBXGroup section */

/* Begin PBXNativeTarget section */
		70590C0D23CB81CB0072208C /* hbo-app */ = {
			isa = PBXNativeTarget;
			buildConfigurationList = 70590C3623CB81CF0072208C /* Build configuration list for PBXNativeTarget "hbo-app" */;
			buildPhases = (
				183D1E9E9E851E3DB2F86225 /* [CP] Check Pods Manifest.lock */,
				70590C0A23CB81CB0072208C /* Sources */,
				70590C0B23CB81CB0072208C /* Frameworks */,
				70590C0C23CB81CB0072208C /* Resources */,
				7EB576C68864A1144F741FC7 /* [CP] Embed Pods Frameworks */,
			);
			buildRules = (
			);
			dependencies = (
			);
			name = "hbo-app";
			productName = "hbo-app";
			productReference = 70590C0E23CB81CB0072208C /* hbo-app.app */;
			productType = "com.apple.product-type.application";
		};
		70590C2123CB81CF0072208C /* hbo-appTests */ = {
			isa = PBXNativeTarget;
			buildConfigurationList = 70590C3923CB81CF0072208C /* Build configuration list for PBXNativeTarget "hbo-appTests" */;
			buildPhases = (
				EF9D190C9080CCD6995B2855 /* [CP] Check Pods Manifest.lock */,
				70590C1E23CB81CF0072208C /* Sources */,
				70590C1F23CB81CF0072208C /* Frameworks */,
				70590C2023CB81CF0072208C /* Resources */,
			);
			buildRules = (
			);
			dependencies = (
				70590C2423CB81CF0072208C /* PBXTargetDependency */,
			);
			name = "hbo-appTests";
			productName = "hbo-appTests";
			productReference = 70590C2223CB81CF0072208C /* hbo-appTests.xctest */;
			productType = "com.apple.product-type.bundle.unit-test";
		};
		70590C2C23CB81CF0072208C /* hbo-appUITests */ = {
			isa = PBXNativeTarget;
			buildConfigurationList = 70590C3C23CB81CF0072208C /* Build configuration list for PBXNativeTarget "hbo-appUITests" */;
			buildPhases = (
				DB183F42EF38CF23AE8E7A6B /* [CP] Check Pods Manifest.lock */,
				70590C2923CB81CF0072208C /* Sources */,
				70590C2A23CB81CF0072208C /* Frameworks */,
				70590C2B23CB81CF0072208C /* Resources */,
				81114BD2EF8E72A45DD71D51 /* [CP] Embed Pods Frameworks */,
			);
			buildRules = (
			);
			dependencies = (
				70590C2F23CB81CF0072208C /* PBXTargetDependency */,
			);
			name = "hbo-appUITests";
			productName = "hbo-appUITests";
			productReference = 70590C2D23CB81CF0072208C /* hbo-appUITests.xctest */;
			productType = "com.apple.product-type.bundle.ui-testing";
		};
/* End PBXNativeTarget section */

/* Begin PBXProject section */
		70590C0623CB81CB0072208C /* Project object */ = {
			isa = PBXProject;
			attributes = {
				LastSwiftUpdateCheck = 1030;
				LastUpgradeCheck = 1030;
				ORGANIZATIONNAME = "Aravinda Rathnayake";
				TargetAttributes = {
					70590C0D23CB81CB0072208C = {
						CreatedOnToolsVersion = 10.3;
						SystemCapabilities = {
							com.apple.Keychain = {
								enabled = 0;
							};
						};
					};
					70590C2123CB81CF0072208C = {
						CreatedOnToolsVersion = 10.3;
						TestTargetID = 70590C0D23CB81CB0072208C;
					};
					70590C2C23CB81CF0072208C = {
						CreatedOnToolsVersion = 10.3;
						TestTargetID = 70590C0D23CB81CB0072208C;
					};
				};
			};
			buildConfigurationList = 70590C0923CB81CB0072208C /* Build configuration list for PBXProject "hbo-app" */;
			compatibilityVersion = "Xcode 9.3";
			developmentRegion = en;
			hasScannedForEncodings = 0;
			knownRegions = (
				en,
				Base,
			);
			mainGroup = 70590C0523CB81CB0072208C;
			productRefGroup = 70590C0F23CB81CB0072208C /* Products */;
			projectDirPath = "";
			projectRoot = "";
			targets = (
				70590C0D23CB81CB0072208C /* hbo-app */,
				70590C2123CB81CF0072208C /* hbo-appTests */,
				70590C2C23CB81CF0072208C /* hbo-appUITests */,
			);
		};
/* End PBXProject section */

/* Begin PBXResourcesBuildPhase section */
		70590C0C23CB81CB0072208C /* Resources */ = {
			isa = PBXResourcesBuildPhase;
			buildActionMask = 2147483647;
			files = (
				70590C1C23CB81CF0072208C /* LaunchScreen.storyboard in Resources */,
				70E2217D23D1076B00889039 /* GoogleService-Info.plist in Resources */,
				70590C1923CB81CF0072208C /* Assets.xcassets in Resources */,
				70590C1723CB81CB0072208C /* Main.storyboard in Resources */,
			);
			runOnlyForDeploymentPostprocessing = 0;
		};
		70590C2023CB81CF0072208C /* Resources */ = {
			isa = PBXResourcesBuildPhase;
			buildActionMask = 2147483647;
			files = (
			);
			runOnlyForDeploymentPostprocessing = 0;
		};
		70590C2B23CB81CF0072208C /* Resources */ = {
			isa = PBXResourcesBuildPhase;
			buildActionMask = 2147483647;
			files = (
			);
			runOnlyForDeploymentPostprocessing = 0;
		};
/* End PBXResourcesBuildPhase section */

/* Begin PBXShellScriptBuildPhase section */
		183D1E9E9E851E3DB2F86225 /* [CP] Check Pods Manifest.lock */ = {
			isa = PBXShellScriptBuildPhase;
			buildActionMask = 2147483647;
			files = (
			);
			inputFileListPaths = (
			);
			inputPaths = (
				"${PODS_PODFILE_DIR_PATH}/Podfile.lock",
				"${PODS_ROOT}/Manifest.lock",
			);
			name = "[CP] Check Pods Manifest.lock";
			outputFileListPaths = (
			);
			outputPaths = (
				"$(DERIVED_FILE_DIR)/Pods-hbo-app-checkManifestLockResult.txt",
			);
			runOnlyForDeploymentPostprocessing = 0;
			shellPath = /bin/sh;
			shellScript = "diff \"${PODS_PODFILE_DIR_PATH}/Podfile.lock\" \"${PODS_ROOT}/Manifest.lock\" > /dev/null\nif [ $? != 0 ] ; then\n    # print error to STDERR\n    echo \"error: The sandbox is not in sync with the Podfile.lock. Run 'pod install' or update your CocoaPods installation.\" >&2\n    exit 1\nfi\n# This output is used by Xcode 'outputs' to avoid re-running this script phase.\necho \"SUCCESS\" > \"${SCRIPT_OUTPUT_FILE_0}\"\n";
			showEnvVarsInLog = 0;
		};
		7EB576C68864A1144F741FC7 /* [CP] Embed Pods Frameworks */ = {
			isa = PBXShellScriptBuildPhase;
			buildActionMask = 2147483647;
			files = (
			);
			inputFileListPaths = (
				"${PODS_ROOT}/Target Support Files/Pods-hbo-app/Pods-hbo-app-frameworks-${CONFIGURATION}-input-files.xcfilelist",
			);
			name = "[CP] Embed Pods Frameworks";
			outputFileListPaths = (
				"${PODS_ROOT}/Target Support Files/Pods-hbo-app/Pods-hbo-app-frameworks-${CONFIGURATION}-output-files.xcfilelist",
			);
			runOnlyForDeploymentPostprocessing = 0;
			shellPath = /bin/sh;
			shellScript = "\"${PODS_ROOT}/Target Support Files/Pods-hbo-app/Pods-hbo-app-frameworks.sh\"\n";
			showEnvVarsInLog = 0;
		};
		81114BD2EF8E72A45DD71D51 /* [CP] Embed Pods Frameworks */ = {
			isa = PBXShellScriptBuildPhase;
			buildActionMask = 2147483647;
			files = (
			);
			inputFileListPaths = (
				"${PODS_ROOT}/Target Support Files/Pods-hbo-app-hbo-appUITests/Pods-hbo-app-hbo-appUITests-frameworks-${CONFIGURATION}-input-files.xcfilelist",
			);
			name = "[CP] Embed Pods Frameworks";
			outputFileListPaths = (
				"${PODS_ROOT}/Target Support Files/Pods-hbo-app-hbo-appUITests/Pods-hbo-app-hbo-appUITests-frameworks-${CONFIGURATION}-output-files.xcfilelist",
			);
			runOnlyForDeploymentPostprocessing = 0;
			shellPath = /bin/sh;
			shellScript = "\"${PODS_ROOT}/Target Support Files/Pods-hbo-app-hbo-appUITests/Pods-hbo-app-hbo-appUITests-frameworks.sh\"\n";
			showEnvVarsInLog = 0;
		};
		DB183F42EF38CF23AE8E7A6B /* [CP] Check Pods Manifest.lock */ = {
			isa = PBXShellScriptBuildPhase;
			buildActionMask = 2147483647;
			files = (
			);
			inputFileListPaths = (
			);
			inputPaths = (
				"${PODS_PODFILE_DIR_PATH}/Podfile.lock",
				"${PODS_ROOT}/Manifest.lock",
			);
			name = "[CP] Check Pods Manifest.lock";
			outputFileListPaths = (
			);
			outputPaths = (
				"$(DERIVED_FILE_DIR)/Pods-hbo-app-hbo-appUITests-checkManifestLockResult.txt",
			);
			runOnlyForDeploymentPostprocessing = 0;
			shellPath = /bin/sh;
			shellScript = "diff \"${PODS_PODFILE_DIR_PATH}/Podfile.lock\" \"${PODS_ROOT}/Manifest.lock\" > /dev/null\nif [ $? != 0 ] ; then\n    # print error to STDERR\n    echo \"error: The sandbox is not in sync with the Podfile.lock. Run 'pod install' or update your CocoaPods installation.\" >&2\n    exit 1\nfi\n# This output is used by Xcode 'outputs' to avoid re-running this script phase.\necho \"SUCCESS\" > \"${SCRIPT_OUTPUT_FILE_0}\"\n";
			showEnvVarsInLog = 0;
		};
		EF9D190C9080CCD6995B2855 /* [CP] Check Pods Manifest.lock */ = {
			isa = PBXShellScriptBuildPhase;
			buildActionMask = 2147483647;
			files = (
			);
			inputFileListPaths = (
			);
			inputPaths = (
				"${PODS_PODFILE_DIR_PATH}/Podfile.lock",
				"${PODS_ROOT}/Manifest.lock",
			);
			name = "[CP] Check Pods Manifest.lock";
			outputFileListPaths = (
			);
			outputPaths = (
				"$(DERIVED_FILE_DIR)/Pods-hbo-appTests-checkManifestLockResult.txt",
			);
			runOnlyForDeploymentPostprocessing = 0;
			shellPath = /bin/sh;
			shellScript = "diff \"${PODS_PODFILE_DIR_PATH}/Podfile.lock\" \"${PODS_ROOT}/Manifest.lock\" > /dev/null\nif [ $? != 0 ] ; then\n    # print error to STDERR\n    echo \"error: The sandbox is not in sync with the Podfile.lock. Run 'pod install' or update your CocoaPods installation.\" >&2\n    exit 1\nfi\n# This output is used by Xcode 'outputs' to avoid re-running this script phase.\necho \"SUCCESS\" > \"${SCRIPT_OUTPUT_FILE_0}\"\n";
			showEnvVarsInLog = 0;
		};
/* End PBXShellScriptBuildPhase section */

/* Begin PBXSourcesBuildPhase section */
		70590C0A23CB81CB0072208C /* Sources */ = {
			isa = PBXSourcesBuildPhase;
			buildActionMask = 2147483647;
			files = (
				707897BE23D54115009BF57A /* FieldType.swift in Sources */,
				70590C1423CB81CB0072208C /* RegisterViewController.swift in Sources */,
				70584EF523CCEF3C00FA48EA /* SignInViewController.swift in Sources */,
				707897BF23D54115009BF57A /* MainViewController.swift in Sources */,
				7052EB9423D168D00056B0FA /* HBOTextField.swift in Sources */,
				70590C1223CB81CB0072208C /* AppDelegate.swift in Sources */,
				707897C123D54115009BF57A /* AlertViewController.swift in Sources */,
				70590C4123CB8D930072208C /* HBOButton.swift in Sources */,
				70FB2B3623DD559300A594DE /* ForgotPasswordViewController.swift in Sources */,
				707897C323D541E6009BF57A /* HBOCheckBox.swift in Sources */,
				707897BD23D54115009BF57A /* FieldValidator.swift in Sources */,
				7039FB9323DC9843006A9D1E /* HomeViewController.swift in Sources */,
			);
			runOnlyForDeploymentPostprocessing = 0;
		};
		70590C1E23CB81CF0072208C /* Sources */ = {
			isa = PBXSourcesBuildPhase;
			buildActionMask = 2147483647;
			files = (
				70590C2723CB81CF0072208C /* hbo_appTests.swift in Sources */,
			);
			runOnlyForDeploymentPostprocessing = 0;
		};
		70590C2923CB81CF0072208C /* Sources */ = {
			isa = PBXSourcesBuildPhase;
			buildActionMask = 2147483647;
			files = (
				70590C3223CB81CF0072208C /* hbo_appUITests.swift in Sources */,
			);
			runOnlyForDeploymentPostprocessing = 0;
		};
/* End PBXSourcesBuildPhase section */

/* Begin PBXTargetDependency section */
		70590C2423CB81CF0072208C /* PBXTargetDependency */ = {
			isa = PBXTargetDependency;
			target = 70590C0D23CB81CB0072208C /* hbo-app */;
			targetProxy = 70590C2323CB81CF0072208C /* PBXContainerItemProxy */;
		};
		70590C2F23CB81CF0072208C /* PBXTargetDependency */ = {
			isa = PBXTargetDependency;
			target = 70590C0D23CB81CB0072208C /* hbo-app */;
			targetProxy = 70590C2E23CB81CF0072208C /* PBXContainerItemProxy */;
		};
/* End PBXTargetDependency section */

/* Begin PBXVariantGroup section */
		70590C1523CB81CB0072208C /* Main.storyboard */ = {
			isa = PBXVariantGroup;
			children = (
				70590C1623CB81CB0072208C /* Base */,
			);
			name = Main.storyboard;
			sourceTree = "<group>";
		};
		70590C1A23CB81CF0072208C /* LaunchScreen.storyboard */ = {
			isa = PBXVariantGroup;
			children = (
				70590C1B23CB81CF0072208C /* Base */,
			);
			name = LaunchScreen.storyboard;
			sourceTree = "<group>";
		};
/* End PBXVariantGroup section */

/* Begin XCBuildConfiguration section */
		70590C3423CB81CF0072208C /* Debug */ = {
			isa = XCBuildConfiguration;
			buildSettings = {
				ALWAYS_SEARCH_USER_PATHS = NO;
				CLANG_ANALYZER_NONNULL = YES;
				CLANG_ANALYZER_NUMBER_OBJECT_CONVERSION = YES_AGGRESSIVE;
				CLANG_CXX_LANGUAGE_STANDARD = "gnu++14";
				CLANG_CXX_LIBRARY = "libc++";
				CLANG_ENABLE_MODULES = YES;
				CLANG_ENABLE_OBJC_ARC = YES;
				CLANG_ENABLE_OBJC_WEAK = YES;
				CLANG_WARN_BLOCK_CAPTURE_AUTORELEASING = YES;
				CLANG_WARN_BOOL_CONVERSION = YES;
				CLANG_WARN_COMMA = YES;
				CLANG_WARN_CONSTANT_CONVERSION = YES;
				CLANG_WARN_DEPRECATED_OBJC_IMPLEMENTATIONS = YES;
				CLANG_WARN_DIRECT_OBJC_ISA_USAGE = YES_ERROR;
				CLANG_WARN_DOCUMENTATION_COMMENTS = YES;
				CLANG_WARN_EMPTY_BODY = YES;
				CLANG_WARN_ENUM_CONVERSION = YES;
				CLANG_WARN_INFINITE_RECURSION = YES;
				CLANG_WARN_INT_CONVERSION = YES;
				CLANG_WARN_NON_LITERAL_NULL_CONVERSION = YES;
				CLANG_WARN_OBJC_IMPLICIT_RETAIN_SELF = YES;
				CLANG_WARN_OBJC_LITERAL_CONVERSION = YES;
				CLANG_WARN_OBJC_ROOT_CLASS = YES_ERROR;
				CLANG_WARN_RANGE_LOOP_ANALYSIS = YES;
				CLANG_WARN_STRICT_PROTOTYPES = YES;
				CLANG_WARN_SUSPICIOUS_MOVE = YES;
				CLANG_WARN_UNGUARDED_AVAILABILITY = YES_AGGRESSIVE;
				CLANG_WARN_UNREACHABLE_CODE = YES;
				CLANG_WARN__DUPLICATE_METHOD_MATCH = YES;
				CODE_SIGN_IDENTITY = "iPhone Developer";
				COPY_PHASE_STRIP = NO;
				DEBUG_INFORMATION_FORMAT = dwarf;
				ENABLE_STRICT_OBJC_MSGSEND = YES;
				ENABLE_TESTABILITY = YES;
				GCC_C_LANGUAGE_STANDARD = gnu11;
				GCC_DYNAMIC_NO_PIC = NO;
				GCC_NO_COMMON_BLOCKS = YES;
				GCC_OPTIMIZATION_LEVEL = 0;
				GCC_PREPROCESSOR_DEFINITIONS = (
					"DEBUG=1",
					"$(inherited)",
				);
				GCC_WARN_64_TO_32_BIT_CONVERSION = YES;
				GCC_WARN_ABOUT_RETURN_TYPE = YES_ERROR;
				GCC_WARN_UNDECLARED_SELECTOR = YES;
				GCC_WARN_UNINITIALIZED_AUTOS = YES_AGGRESSIVE;
				GCC_WARN_UNUSED_FUNCTION = YES;
				GCC_WARN_UNUSED_VARIABLE = YES;
				IPHONEOS_DEPLOYMENT_TARGET = 12.4;
				MTL_ENABLE_DEBUG_INFO = INCLUDE_SOURCE;
				MTL_FAST_MATH = YES;
				ONLY_ACTIVE_ARCH = YES;
				SDKROOT = iphoneos;
				SWIFT_ACTIVE_COMPILATION_CONDITIONS = DEBUG;
				SWIFT_OPTIMIZATION_LEVEL = "-Onone";
			};
			name = Debug;
		};
		70590C3523CB81CF0072208C /* Release */ = {
			isa = XCBuildConfiguration;
			buildSettings = {
				ALWAYS_SEARCH_USER_PATHS = NO;
				CLANG_ANALYZER_NONNULL = YES;
				CLANG_ANALYZER_NUMBER_OBJECT_CONVERSION = YES_AGGRESSIVE;
				CLANG_CXX_LANGUAGE_STANDARD = "gnu++14";
				CLANG_CXX_LIBRARY = "libc++";
				CLANG_ENABLE_MODULES = YES;
				CLANG_ENABLE_OBJC_ARC = YES;
				CLANG_ENABLE_OBJC_WEAK = YES;
				CLANG_WARN_BLOCK_CAPTURE_AUTORELEASING = YES;
				CLANG_WARN_BOOL_CONVERSION = YES;
				CLANG_WARN_COMMA = YES;
				CLANG_WARN_CONSTANT_CONVERSION = YES;
				CLANG_WARN_DEPRECATED_OBJC_IMPLEMENTATIONS = YES;
				CLANG_WARN_DIRECT_OBJC_ISA_USAGE = YES_ERROR;
				CLANG_WARN_DOCUMENTATION_COMMENTS = YES;
				CLANG_WARN_EMPTY_BODY = YES;
				CLANG_WARN_ENUM_CONVERSION = YES;
				CLANG_WARN_INFINITE_RECURSION = YES;
				CLANG_WARN_INT_CONVERSION = YES;
				CLANG_WARN_NON_LITERAL_NULL_CONVERSION = YES;
				CLANG_WARN_OBJC_IMPLICIT_RETAIN_SELF = YES;
				CLANG_WARN_OBJC_LITERAL_CONVERSION = YES;
				CLANG_WARN_OBJC_ROOT_CLASS = YES_ERROR;
				CLANG_WARN_RANGE_LOOP_ANALYSIS = YES;
				CLANG_WARN_STRICT_PROTOTYPES = YES;
				CLANG_WARN_SUSPICIOUS_MOVE = YES;
				CLANG_WARN_UNGUARDED_AVAILABILITY = YES_AGGRESSIVE;
				CLANG_WARN_UNREACHABLE_CODE = YES;
				CLANG_WARN__DUPLICATE_METHOD_MATCH = YES;
				CODE_SIGN_IDENTITY = "iPhone Developer";
				COPY_PHASE_STRIP = NO;
				DEBUG_INFORMATION_FORMAT = "dwarf-with-dsym";
				ENABLE_NS_ASSERTIONS = NO;
				ENABLE_STRICT_OBJC_MSGSEND = YES;
				GCC_C_LANGUAGE_STANDARD = gnu11;
				GCC_NO_COMMON_BLOCKS = YES;
				GCC_WARN_64_TO_32_BIT_CONVERSION = YES;
				GCC_WARN_ABOUT_RETURN_TYPE = YES_ERROR;
				GCC_WARN_UNDECLARED_SELECTOR = YES;
				GCC_WARN_UNINITIALIZED_AUTOS = YES_AGGRESSIVE;
				GCC_WARN_UNUSED_FUNCTION = YES;
				GCC_WARN_UNUSED_VARIABLE = YES;
				IPHONEOS_DEPLOYMENT_TARGET = 12.4;
				MTL_ENABLE_DEBUG_INFO = NO;
				MTL_FAST_MATH = YES;
				SDKROOT = iphoneos;
				SWIFT_COMPILATION_MODE = wholemodule;
				SWIFT_OPTIMIZATION_LEVEL = "-O";
				VALIDATE_PRODUCT = YES;
			};
			name = Release;
		};
		70590C3723CB81CF0072208C /* Debug */ = {
			isa = XCBuildConfiguration;
			baseConfigurationReference = 57692A9D853E86970FAF63A6 /* Pods-hbo-app.debug.xcconfig */;
			buildSettings = {
				ASSETCATALOG_COMPILER_APPICON_NAME = AppIcon;
				CODE_SIGN_STYLE = Automatic;
				DEVELOPMENT_TEAM = F27WR2NMVN;
				INFOPLIST_FILE = "$(SRCROOT)/hbo-app/supporting-flies/Info.plist";
				LD_RUNPATH_SEARCH_PATHS = (
					"$(inherited)",
					"@executable_path/Frameworks",
				);
				PRODUCT_BUNDLE_IDENTIFIER = "com.aravindakr95.hbo-app";
				PRODUCT_NAME = "$(TARGET_NAME)";
				SWIFT_VERSION = 5.0;
				TARGETED_DEVICE_FAMILY = "1,2";
			};
			name = Debug;
		};
		70590C3823CB81CF0072208C /* Release */ = {
			isa = XCBuildConfiguration;
			baseConfigurationReference = 35991848F2AC3627093F0C51 /* Pods-hbo-app.release.xcconfig */;
			buildSettings = {
				ASSETCATALOG_COMPILER_APPICON_NAME = AppIcon;
				CODE_SIGN_STYLE = Automatic;
				DEVELOPMENT_TEAM = F27WR2NMVN;
				INFOPLIST_FILE = "$(SRCROOT)/hbo-app/supporting-flies/Info.plist";
				LD_RUNPATH_SEARCH_PATHS = (
					"$(inherited)",
					"@executable_path/Frameworks",
				);
				PRODUCT_BUNDLE_IDENTIFIER = "com.aravindakr95.hbo-app";
				PRODUCT_NAME = "$(TARGET_NAME)";
				SWIFT_VERSION = 5.0;
				TARGETED_DEVICE_FAMILY = "1,2";
			};
			name = Release;
		};
		70590C3A23CB81CF0072208C /* Debug */ = {
			isa = XCBuildConfiguration;
			baseConfigurationReference = B0149BC92257704813124F4C /* Pods-hbo-appTests.debug.xcconfig */;
			buildSettings = {
				ALWAYS_EMBED_SWIFT_STANDARD_LIBRARIES = YES;
				BUNDLE_LOADER = "$(TEST_HOST)";
				CODE_SIGN_STYLE = Automatic;
				DEVELOPMENT_TEAM = F27WR2NMVN;
				INFOPLIST_FILE = "hbo-appTests/Info.plist";
				LD_RUNPATH_SEARCH_PATHS = (
					"$(inherited)",
					"@executable_path/Frameworks",
					"@loader_path/Frameworks",
				);
				PRODUCT_BUNDLE_IDENTIFIER = "aravinda.hbo-appTests";
				PRODUCT_NAME = "$(TARGET_NAME)";
				SWIFT_VERSION = 5.0;
				TARGETED_DEVICE_FAMILY = "1,2";
				TEST_HOST = "$(BUILT_PRODUCTS_DIR)/hbo-app.app/hbo-app";
			};
			name = Debug;
		};
		70590C3B23CB81CF0072208C /* Release */ = {
			isa = XCBuildConfiguration;
			baseConfigurationReference = 4F66BEB919FE9670130FEA4D /* Pods-hbo-appTests.release.xcconfig */;
			buildSettings = {
				ALWAYS_EMBED_SWIFT_STANDARD_LIBRARIES = YES;
				BUNDLE_LOADER = "$(TEST_HOST)";
				CODE_SIGN_STYLE = Automatic;
				DEVELOPMENT_TEAM = F27WR2NMVN;
				INFOPLIST_FILE = "hbo-appTests/Info.plist";
				LD_RUNPATH_SEARCH_PATHS = (
					"$(inherited)",
					"@executable_path/Frameworks",
					"@loader_path/Frameworks",
				);
				PRODUCT_BUNDLE_IDENTIFIER = "aravinda.hbo-appTests";
				PRODUCT_NAME = "$(TARGET_NAME)";
				SWIFT_VERSION = 5.0;
				TARGETED_DEVICE_FAMILY = "1,2";
				TEST_HOST = "$(BUILT_PRODUCTS_DIR)/hbo-app.app/hbo-app";
			};
			name = Release;
		};
		70590C3D23CB81CF0072208C /* Debug */ = {
			isa = XCBuildConfiguration;
			baseConfigurationReference = 1C41328876A9AB3EAF5A8EA6 /* Pods-hbo-app-hbo-appUITests.debug.xcconfig */;
			buildSettings = {
				ALWAYS_EMBED_SWIFT_STANDARD_LIBRARIES = YES;
				CODE_SIGN_STYLE = Automatic;
				DEVELOPMENT_TEAM = F27WR2NMVN;
				INFOPLIST_FILE = "hbo-appUITests/Info.plist";
				LD_RUNPATH_SEARCH_PATHS = (
					"$(inherited)",
					"@executable_path/Frameworks",
					"@loader_path/Frameworks",
				);
				PRODUCT_BUNDLE_IDENTIFIER = "aravinda.hbo-appUITests";
				PRODUCT_NAME = "$(TARGET_NAME)";
				SWIFT_VERSION = 5.0;
				TARGETED_DEVICE_FAMILY = "1,2";
				TEST_TARGET_NAME = "hbo-app";
			};
			name = Debug;
		};
		70590C3E23CB81CF0072208C /* Release */ = {
			isa = XCBuildConfiguration;
			baseConfigurationReference = 063909C42D97DC4D59CE92F9 /* Pods-hbo-app-hbo-appUITests.release.xcconfig */;
			buildSettings = {
				ALWAYS_EMBED_SWIFT_STANDARD_LIBRARIES = YES;
				CODE_SIGN_STYLE = Automatic;
				DEVELOPMENT_TEAM = F27WR2NMVN;
				INFOPLIST_FILE = "hbo-appUITests/Info.plist";
				LD_RUNPATH_SEARCH_PATHS = (
					"$(inherited)",
					"@executable_path/Frameworks",
					"@loader_path/Frameworks",
				);
				PRODUCT_BUNDLE_IDENTIFIER = "aravinda.hbo-appUITests";
				PRODUCT_NAME = "$(TARGET_NAME)";
				SWIFT_VERSION = 5.0;
				TARGETED_DEVICE_FAMILY = "1,2";
				TEST_TARGET_NAME = "hbo-app";
			};
			name = Release;
		};
/* End XCBuildConfiguration section */

/* Begin XCConfigurationList section */
		70590C0923CB81CB0072208C /* Build configuration list for PBXProject "hbo-app" */ = {
			isa = XCConfigurationList;
			buildConfigurations = (
				70590C3423CB81CF0072208C /* Debug */,
				70590C3523CB81CF0072208C /* Release */,
			);
			defaultConfigurationIsVisible = 0;
			defaultConfigurationName = Release;
		};
		70590C3623CB81CF0072208C /* Build configuration list for PBXNativeTarget "hbo-app" */ = {
			isa = XCConfigurationList;
			buildConfigurations = (
				70590C3723CB81CF0072208C /* Debug */,
				70590C3823CB81CF0072208C /* Release */,
			);
			defaultConfigurationIsVisible = 0;
			defaultConfigurationName = Release;
		};
		70590C3923CB81CF0072208C /* Build configuration list for PBXNativeTarget "hbo-appTests" */ = {
			isa = XCConfigurationList;
			buildConfigurations = (
				70590C3A23CB81CF0072208C /* Debug */,
				70590C3B23CB81CF0072208C /* Release */,
			);
			defaultConfigurationIsVisible = 0;
			defaultConfigurationName = Release;
		};
		70590C3C23CB81CF0072208C /* Build configuration list for PBXNativeTarget "hbo-appUITests" */ = {
			isa = XCConfigurationList;
			buildConfigurations = (
				70590C3D23CB81CF0072208C /* Debug */,
				70590C3E23CB81CF0072208C /* Release */,
			);
			defaultConfigurationIsVisible = 0;
			defaultConfigurationName = Release;
		};
/* End XCConfigurationList section */
	};
	rootObject = 70590C0623CB81CB0072208C /* Project object */;
}
